// !$*UTF8*$!
{
	archiveVersion = 1;
	classes = {
	};
	objectVersion = 56;
	objects = {

/* Begin PBXBuildFile section */
		84B66A2E2C6666CE00F7588B /* AppDelegate.swift in Sources */ = {isa = PBXBuildFile; fileRef = 84B66A2D2C6666CE00F7588B /* AppDelegate.swift */; };
		84B66A302C6666CE00F7588B /* SceneDelegate.swift in Sources */ = {isa = PBXBuildFile; fileRef = 84B66A2F2C6666CE00F7588B /* SceneDelegate.swift */; };
		84B66A322C6666CE00F7588B /* ViewController.swift in Sources */ = {isa = PBXBuildFile; fileRef = 84B66A312C6666CE00F7588B /* ViewController.swift */; };
		84B66A352C6666CE00F7588B /* Main.storyboard in Resources */ = {isa = PBXBuildFile; fileRef = 84B66A332C6666CE00F7588B /* Main.storyboard */; };
		84B66A372C6666D100F7588B /* Assets.xcassets in Resources */ = {isa = PBXBuildFile; fileRef = 84B66A362C6666D100F7588B /* Assets.xcassets */; };
		84B66A3A2C6666D100F7588B /* LaunchScreen.storyboard in Resources */ = {isa = PBXBuildFile; fileRef = 84B66A382C6666D100F7588B /* LaunchScreen.storyboard */; };
		84B66A452C6666D100F7588B /* APODExplorerTests.swift in Sources */ = {isa = PBXBuildFile; fileRef = 84B66A442C6666D100F7588B /* APODExplorerTests.swift */; };
		84B66A4F2C6666D100F7588B /* APODExplorerUITests.swift in Sources */ = {isa = PBXBuildFile; fileRef = 84B66A4E2C6666D100F7588B /* APODExplorerUITests.swift */; };
		84B66A512C6666D100F7588B /* APODExplorerUITestsLaunchTests.swift in Sources */ = {isa = PBXBuildFile; fileRef = 84B66A502C6666D100F7588B /* APODExplorerUITestsLaunchTests.swift */; };
/* End PBXBuildFile section */

/* Begin PBXContainerItemProxy section */
		84B66A412C6666D100F7588B /* PBXContainerItemProxy */ = {
			isa = PBXContainerItemProxy;
			containerPortal = 84B66A222C6666CE00F7588B /* Project object */;
			proxyType = 1;
			remoteGlobalIDString = 84B66A292C6666CE00F7588B;
			remoteInfo = APODExplorer;
		};
		84B66A4B2C6666D100F7588B /* PBXContainerItemProxy */ = {
			isa = PBXContainerItemProxy;
			containerPortal = 84B66A222C6666CE00F7588B /* Project object */;
			proxyType = 1;
			remoteGlobalIDString = 84B66A292C6666CE00F7588B;
			remoteInfo = APODExplorer;
		};
/* End PBXContainerItemProxy section */

/* Begin PBXFileReference section */
		84B66A2A2C6666CE00F7588B /* APODExplorer.app */ = {isa = PBXFileReference; explicitFileType = wrapper.application; includeInIndex = 0; path = APODExplorer.app; sourceTree = BUILT_PRODUCTS_DIR; };
		84B66A2D2C6666CE00F7588B /* AppDelegate.swift */ = {isa = PBXFileReference; lastKnownFileType = sourcecode.swift; path = AppDelegate.swift; sourceTree = "<group>"; };
		84B66A2F2C6666CE00F7588B /* SceneDelegate.swift */ = {isa = PBXFileReference; lastKnownFileType = sourcecode.swift; path = SceneDelegate.swift; sourceTree = "<group>"; };
		84B66A312C6666CE00F7588B /* ViewController.swift */ = {isa = PBXFileReference; lastKnownFileType = sourcecode.swift; path = ViewController.swift; sourceTree = "<group>"; };
		84B66A342C6666CE00F7588B /* Base */ = {isa = PBXFileReference; lastKnownFileType = file.storyboard; name = Base; path = Base.lproj/Main.storyboard; sourceTree = "<group>"; };
		84B66A362C6666D100F7588B /* Assets.xcassets */ = {isa = PBXFileReference; lastKnownFileType = folder.assetcatalog; path = Assets.xcassets; sourceTree = "<group>"; };
		84B66A392C6666D100F7588B /* Base */ = {isa = PBXFileReference; lastKnownFileType = file.storyboard; name = Base; path = Base.lproj/LaunchScreen.storyboard; sourceTree = "<group>"; };
		84B66A3B2C6666D100F7588B /* Info.plist */ = {isa = PBXFileReference; lastKnownFileType = text.plist.xml; path = Info.plist; sourceTree = "<group>"; };
		84B66A402C6666D100F7588B /* APODExplorerTests.xctest */ = {isa = PBXFileReference; explicitFileType = wrapper.cfbundle; includeInIndex = 0; path = APODExplorerTests.xctest; sourceTree = BUILT_PRODUCTS_DIR; };
		84B66A442C6666D100F7588B /* APODExplorerTests.swift */ = {isa = PBXFileReference; lastKnownFileType = sourcecode.swift; path = APODExplorerTests.swift; sourceTree = "<group>"; };
		84B66A4A2C6666D100F7588B /* APODExplorerUITests.xctest */ = {isa = PBXFileReference; explicitFileType = wrapper.cfbundle; includeInIndex = 0; path = APODExplorerUITests.xctest; sourceTree = BUILT_PRODUCTS_DIR; };
		84B66A4E2C6666D100F7588B /* APODExplorerUITests.swift */ = {isa = PBXFileReference; lastKnownFileType = sourcecode.swift; path = APODExplorerUITests.swift; sourceTree = "<group>"; };
		84B66A502C6666D100F7588B /* APODExplorerUITestsLaunchTests.swift */ = {isa = PBXFileReference; lastKnownFileType = sourcecode.swift; path = APODExplorerUITestsLaunchTests.swift; sourceTree = "<group>"; };
/* End PBXFileReference section */

/* Begin PBXFrameworksBuildPhase section */
		84B66A272C6666CE00F7588B /* Frameworks */ = {
			isa = PBXFrameworksBuildPhase;
			buildActionMask = 2147483647;
			files = (
			);
			runOnlyForDeploymentPostprocessing = 0;
		};
		84B66A3D2C6666D100F7588B /* Frameworks */ = {
			isa = PBXFrameworksBuildPhase;
			buildActionMask = 2147483647;
			files = (
			);
			runOnlyForDeploymentPostprocessing = 0;
		};
		84B66A472C6666D100F7588B /* Frameworks */ = {
			isa = PBXFrameworksBuildPhase;
			buildActionMask = 2147483647;
			files = (
			);
			runOnlyForDeploymentPostprocessing = 0;
		};
/* End PBXFrameworksBuildPhase section */

/* Begin PBXGroup section */
		84B66A212C6666CE00F7588B = {
			isa = PBXGroup;
			children = (
				84B66A2C2C6666CE00F7588B /* APODExplorer */,
				84B66A432C6666D100F7588B /* APODExplorerTests */,
				84B66A4D2C6666D100F7588B /* APODExplorerUITests */,
				84B66A2B2C6666CE00F7588B /* Products */,
			);
			sourceTree = "<group>";
		};
		84B66A2B2C6666CE00F7588B /* Products */ = {
			isa = PBXGroup;
			children = (
				84B66A2A2C6666CE00F7588B /* APODExplorer.app */,
				84B66A402C6666D100F7588B /* APODExplorerTests.xctest */,
				84B66A4A2C6666D100F7588B /* APODExplorerUITests.xctest */,
			);
			name = Products;
			sourceTree = "<group>";
		};
		84B66A2C2C6666CE00F7588B /* APODExplorer */ = {
			isa = PBXGroup;
			children = (
				84B66A2D2C6666CE00F7588B /* AppDelegate.swift */,
				84B66A2F2C6666CE00F7588B /* SceneDelegate.swift */,
				84B66A312C6666CE00F7588B /* ViewController.swift */,
				84B66A332C6666CE00F7588B /* Main.storyboard */,
				84B66A362C6666D100F7588B /* Assets.xcassets */,
				84B66A382C6666D100F7588B /* LaunchScreen.storyboard */,
				84B66A3B2C6666D100F7588B /* Info.plist */,
			);
			path = APODExplorer;
			sourceTree = "<group>";
		};
		84B66A432C6666D100F7588B /* APODExplorerTests */ = {
			isa = PBXGroup;
			children = (
				84B66A442C6666D100F7588B /* APODExplorerTests.swift */,
			);
			path = APODExplorerTests;
			sourceTree = "<group>";
		};
		84B66A4D2C6666D100F7588B /* APODExplorerUITests */ = {
			isa = PBXGroup;
			children = (
				84B66A4E2C6666D100F7588B /* APODExplorerUITests.swift */,
				84B66A502C6666D100F7588B /* APODExplorerUITestsLaunchTests.swift */,
			);
			path = APODExplorerUITests;
			sourceTree = "<group>";
		};
/* End PBXGroup section */

/* Begin PBXNativeTarget section */
		84B66A292C6666CE00F7588B /* APODExplorer */ = {
			isa = PBXNativeTarget;
			buildConfigurationList = 84B66A542C6666D100F7588B /* Build configuration list for PBXNativeTarget "APODExplorer" */;
			buildPhases = (
				84B66A262C6666CE00F7588B /* Sources */,
				84B66A272C6666CE00F7588B /* Frameworks */,
				84B66A282C6666CE00F7588B /* Resources */,
			);
			buildRules = (
			);
			dependencies = (
			);
			name = APODExplorer;
			productName = APODExplorer;
			productReference = 84B66A2A2C6666CE00F7588B /* APODExplorer.app */;
			productType = "com.apple.product-type.application";
		};
		84B66A3F2C6666D100F7588B /* APODExplorerTests */ = {
			isa = PBXNativeTarget;
			buildConfigurationList = 84B66A572C6666D100F7588B /* Build configuration list for PBXNativeTarget "APODExplorerTests" */;
			buildPhases = (
				84B66A3C2C6666D100F7588B /* Sources */,
				84B66A3D2C6666D100F7588B /* Frameworks */,
				84B66A3E2C6666D100F7588B /* Resources */,
			);
			buildRules = (
			);
			dependencies = (
				84B66A422C6666D100F7588B /* PBXTargetDependency */,
			);
			name = APODExplorerTests;
			productName = APODExplorerTests;
			productReference = 84B66A402C6666D100F7588B /* APODExplorerTests.xctest */;
			productType = "com.apple.product-type.bundle.unit-test";
		};
		84B66A492C6666D100F7588B /* APODExplorerUITests */ = {
			isa = PBXNativeTarget;
			buildConfigurationList = 84B66A5A2C6666D100F7588B /* Build configuration list for PBXNativeTarget "APODExplorerUITests" */;
			buildPhases = (
				84B66A462C6666D100F7588B /* Sources */,
				84B66A472C6666D100F7588B /* Frameworks */,
				84B66A482C6666D100F7588B /* Resources */,
			);
			buildRules = (
			);
			dependencies = (
				84B66A4C2C6666D100F7588B /* PBXTargetDependency */,
			);
			name = APODExplorerUITests;
			productName = APODExplorerUITests;
			productReference = 84B66A4A2C6666D100F7588B /* APODExplorerUITests.xctest */;
			productType = "com.apple.product-type.bundle.ui-testing";
		};
/* End PBXNativeTarget section */

/* Begin PBXProject section */
		84B66A222C6666CE00F7588B /* Project object */ = {
			isa = PBXProject;
			attributes = {
				BuildIndependentTargetsInParallel = 1;
				LastSwiftUpdateCheck = 1520;
				LastUpgradeCheck = 1520;
				TargetAttributes = {
					84B66A292C6666CE00F7588B = {
						CreatedOnToolsVersion = 15.2;
					};
					84B66A3F2C6666D100F7588B = {
						CreatedOnToolsVersion = 15.2;
						TestTargetID = 84B66A292C6666CE00F7588B;
					};
					84B66A492C6666D100F7588B = {
						CreatedOnToolsVersion = 15.2;
						TestTargetID = 84B66A292C6666CE00F7588B;
					};
				};
			};
			buildConfigurationList = 84B66A252C6666CE00F7588B /* Build configuration list for PBXProject "APODExplorer" */;
			compatibilityVersion = "Xcode 14.0";
			developmentRegion = en;
			hasScannedForEncodings = 0;
			knownRegions = (
				en,
				Base,
			);
			mainGroup = 84B66A212C6666CE00F7588B;
			productRefGroup = 84B66A2B2C6666CE00F7588B /* Products */;
			projectDirPath = "";
			projectRoot = "";
			targets = (
				84B66A292C6666CE00F7588B /* APODExplorer */,
				84B66A3F2C6666D100F7588B /* APODExplorerTests */,
				84B66A492C6666D100F7588B /* APODExplorerUITests */,
			);
		};
/* End PBXProject section */

/* Begin PBXResourcesBuildPhase section */
		84B66A282C6666CE00F7588B /* Resources */ = {
			isa = PBXResourcesBuildPhase;
			buildActionMask = 2147483647;
			files = (
				84B66A3A2C6666D100F7588B /* LaunchScreen.storyboard in Resources */,
				84B66A372C6666D100F7588B /* Assets.xcassets in Resources */,
				84B66A352C6666CE00F7588B /* Main.storyboard in Resources */,
			);
			runOnlyForDeploymentPostprocessing = 0;
		};
		84B66A3E2C6666D100F7588B /* Resources */ = {
			isa = PBXResourcesBuildPhase;
			buildActionMask = 2147483647;
			files = (
			);
			runOnlyForDeploymentPostprocessing = 0;
		};
		84B66A482C6666D100F7588B /* Resources */ = {
			isa = PBXResourcesBuildPhase;
			buildActionMask = 2147483647;
			files = (
			);
			runOnlyForDeploymentPostprocessing = 0;
		};
/* End PBXResourcesBuildPhase section */

/* Begin PBXSourcesBuildPhase section */
		84B66A262C6666CE00F7588B /* Sources */ = {
			isa = PBXSourcesBuildPhase;
			buildActionMask = 2147483647;
			files = (
				84B66A322C6666CE00F7588B /* ViewController.swift in Sources */,
				84B66A2E2C6666CE00F7588B /* AppDelegate.swift in Sources */,
				84B66A302C6666CE00F7588B /* SceneDelegate.swift in Sources */,
			);
			runOnlyForDeploymentPostprocessing = 0;
		};
		84B66A3C2C6666D100F7588B /* Sources */ = {
			isa = PBXSourcesBuildPhase;
			buildActionMask = 2147483647;
			files = (
				84B66A452C6666D100F7588B /* APODExplorerTests.swift in Sources */,
			);
			runOnlyForDeploymentPostprocessing = 0;
		};
		84B66A462C6666D100F7588B /* Sources */ = {
			isa = PBXSourcesBuildPhase;
			buildActionMask = 2147483647;
			files = (
				84B66A4F2C6666D100F7588B /* APODExplorerUITests.swift in Sources */,
				84B66A512C6666D100F7588B /* APODExplorerUITestsLaunchTests.swift in Sources */,
			);
			runOnlyForDeploymentPostprocessing = 0;
		};
/* End PBXSourcesBuildPhase section */

/* Begin PBXTargetDependency section */
		84B66A422C6666D100F7588B /* PBXTargetDependency */ = {
			isa = PBXTargetDependency;
			target = 84B66A292C6666CE00F7588B /* APODExplorer */;
			targetProxy = 84B66A412C6666D100F7588B /* PBXContainerItemProxy */;
		};
		84B66A4C2C6666D100F7588B /* PBXTargetDependency */ = {
			isa = PBXTargetDependency;
			target = 84B66A292C6666CE00F7588B /* APODExplorer */;
			targetProxy = 84B66A4B2C6666D100F7588B /* PBXContainerItemProxy */;
		};
/* End PBXTargetDependency section */

/* Begin PBXVariantGroup section */
		84B66A332C6666CE00F7588B /* Main.storyboard */ = {
			isa = PBXVariantGroup;
			children = (
				84B66A342C6666CE00F7588B /* Base */,
			);
			name = Main.storyboard;
			sourceTree = "<group>";
		};
		84B66A382C6666D100F7588B /* LaunchScreen.storyboard */ = {
			isa = PBXVariantGroup;
			children = (
				84B66A392C6666D100F7588B /* Base */,
			);
			name = LaunchScreen.storyboard;
			sourceTree = "<group>";
		};
/* End PBXVariantGroup section */

/* Begin XCBuildConfiguration section */
		84B66A522C6666D100F7588B /* Debug */ = {
			isa = XCBuildConfiguration;
			buildSettings = {
				ALWAYS_SEARCH_USER_PATHS = NO;
				ASSETCATALOG_COMPILER_GENERATE_SWIFT_ASSET_SYMBOL_EXTENSIONS = YES;
				CLANG_ANALYZER_NONNULL = YES;
				CLANG_ANALYZER_NUMBER_OBJECT_CONVERSION = YES_AGGRESSIVE;
				CLANG_CXX_LANGUAGE_STANDARD = "gnu++20";
				CLANG_ENABLE_MODULES = YES;
				CLANG_ENABLE_OBJC_ARC = YES;
				CLANG_ENABLE_OBJC_WEAK = YES;
				CLANG_WARN_BLOCK_CAPTURE_AUTORELEASING = YES;
				CLANG_WARN_BOOL_CONVERSION = YES;
				CLANG_WARN_COMMA = YES;
				CLANG_WARN_CONSTANT_CONVERSION = YES;
				CLANG_WARN_DEPRECATED_OBJC_IMPLEMENTATIONS = YES;
				CLANG_WARN_DIRECT_OBJC_ISA_USAGE = YES_ERROR;
				CLANG_WARN_DOCUMENTATION_COMMENTS = YES;
				CLANG_WARN_EMPTY_BODY = YES;
				CLANG_WARN_ENUM_CONVERSION = YES;
				CLANG_WARN_INFINITE_RECURSION = YES;
				CLANG_WARN_INT_CONVERSION = YES;
				CLANG_WARN_NON_LITERAL_NULL_CONVERSION = YES;
				CLANG_WARN_OBJC_IMPLICIT_RETAIN_SELF = YES;
				CLANG_WARN_OBJC_LITERAL_CONVERSION = YES;
				CLANG_WARN_OBJC_ROOT_CLASS = YES_ERROR;
				CLANG_WARN_QUOTED_INCLUDE_IN_FRAMEWORK_HEADER = YES;
				CLANG_WARN_RANGE_LOOP_ANALYSIS = YES;
				CLANG_WARN_STRICT_PROTOTYPES = YES;
				CLANG_WARN_SUSPICIOUS_MOVE = YES;
				CLANG_WARN_UNGUARDED_AVAILABILITY = YES_AGGRESSIVE;
				CLANG_WARN_UNREACHABLE_CODE = YES;
				CLANG_WARN__DUPLICATE_METHOD_MATCH = YES;
				COPY_PHASE_STRIP = NO;
				DEBUG_INFORMATION_FORMAT = dwarf;
				ENABLE_STRICT_OBJC_MSGSEND = YES;
				ENABLE_TESTABILITY = YES;
				ENABLE_USER_SCRIPT_SANDBOXING = YES;
				GCC_C_LANGUAGE_STANDARD = gnu17;
				GCC_DYNAMIC_NO_PIC = NO;
				GCC_NO_COMMON_BLOCKS = YES;
				GCC_OPTIMIZATION_LEVEL = 0;
				GCC_PREPROCESSOR_DEFINITIONS = (
					"DEBUG=1",
					"$(inherited)",
				);
				GCC_WARN_64_TO_32_BIT_CONVERSION = YES;
				GCC_WARN_ABOUT_RETURN_TYPE = YES_ERROR;
				GCC_WARN_UNDECLARED_SELECTOR = YES;
				GCC_WARN_UNINITIALIZED_AUTOS = YES_AGGRESSIVE;
				GCC_WARN_UNUSED_FUNCTION = YES;
				GCC_WARN_UNUSED_VARIABLE = YES;
				IPHONEOS_DEPLOYMENT_TARGET = 17.2;
				LOCALIZATION_PREFERS_STRING_CATALOGS = YES;
				MTL_ENABLE_DEBUG_INFO = INCLUDE_SOURCE;
				MTL_FAST_MATH = YES;
				ONLY_ACTIVE_ARCH = YES;
				SDKROOT = iphoneos;
				SWIFT_ACTIVE_COMPILATION_CONDITIONS = "DEBUG $(inherited)";
				SWIFT_OPTIMIZATION_LEVEL = "-Onone";
			};
			name = Debug;
		};
		84B66A532C6666D100F7588B /* Release */ = {
			isa = XCBuildConfiguration;
			buildSettings = {
				ALWAYS_SEARCH_USER_PATHS = NO;
				ASSETCATALOG_COMPILER_GENERATE_SWIFT_ASSET_SYMBOL_EXTENSIONS = YES;
				CLANG_ANALYZER_NONNULL = YES;
				CLANG_ANALYZER_NUMBER_OBJECT_CONVERSION = YES_AGGRESSIVE;
				CLANG_CXX_LANGUAGE_STANDARD = "gnu++20";
				CLANG_ENABLE_MODULES = YES;
				CLANG_ENABLE_OBJC_ARC = YES;
				CLANG_ENABLE_OBJC_WEAK = YES;
				CLANG_WARN_BLOCK_CAPTURE_AUTORELEASING = YES;
				CLANG_WARN_BOOL_CONVERSION = YES;
				CLANG_WARN_COMMA = YES;
				CLANG_WARN_CONSTANT_CONVERSION = YES;
				CLANG_WARN_DEPRECATED_OBJC_IMPLEMENTATIONS = YES;
				CLANG_WARN_DIRECT_OBJC_ISA_USAGE = YES_ERROR;
				CLANG_WARN_DOCUMENTATION_COMMENTS = YES;
				CLANG_WARN_EMPTY_BODY = YES;
				CLANG_WARN_ENUM_CONVERSION = YES;
				CLANG_WARN_INFINITE_RECURSION = YES;
				CLANG_WARN_INT_CONVERSION = YES;
				CLANG_WARN_NON_LITERAL_NULL_CONVERSION = YES;
				CLANG_WARN_OBJC_IMPLICIT_RETAIN_SELF = YES;
				CLANG_WARN_OBJC_LITERAL_CONVERSION = YES;
				CLANG_WARN_OBJC_ROOT_CLASS = YES_ERROR;
				CLANG_WARN_QUOTED_INCLUDE_IN_FRAMEWORK_HEADER = YES;
				CLANG_WARN_RANGE_LOOP_ANALYSIS = YES;
				CLANG_WARN_STRICT_PROTOTYPES = YES;
				CLANG_WARN_SUSPICIOUS_MOVE = YES;
				CLANG_WARN_UNGUARDED_AVAILABILITY = YES_AGGRESSIVE;
				CLANG_WARN_UNREACHABLE_CODE = YES;
				CLANG_WARN__DUPLICATE_METHOD_MATCH = YES;
				COPY_PHASE_STRIP = NO;
				DEBUG_INFORMATION_FORMAT = "dwarf-with-dsym";
				ENABLE_NS_ASSERTIONS = NO;
				ENABLE_STRICT_OBJC_MSGSEND = YES;
				ENABLE_USER_SCRIPT_SANDBOXING = YES;
				GCC_C_LANGUAGE_STANDARD = gnu17;
				GCC_NO_COMMON_BLOCKS = YES;
				GCC_WARN_64_TO_32_BIT_CONVERSION = YES;
				GCC_WARN_ABOUT_RETURN_TYPE = YES_ERROR;
				GCC_WARN_UNDECLARED_SELECTOR = YES;
				GCC_WARN_UNINITIALIZED_AUTOS = YES_AGGRESSIVE;
				GCC_WARN_UNUSED_FUNCTION = YES;
				GCC_WARN_UNUSED_VARIABLE = YES;
				IPHONEOS_DEPLOYMENT_TARGET = 17.2;
				LOCALIZATION_PREFERS_STRING_CATALOGS = YES;
				MTL_ENABLE_DEBUG_INFO = NO;
				MTL_FAST_MATH = YES;
				SDKROOT = iphoneos;
				SWIFT_COMPILATION_MODE = wholemodule;
				VALIDATE_PRODUCT = YES;
			};
			name = Release;
		};
		84B66A552C6666D100F7588B /* Debug */ = {
			isa = XCBuildConfiguration;
			buildSettings = {
				ASSETCATALOG_COMPILER_APPICON_NAME = AppIcon;
				ASSETCATALOG_COMPILER_GLOBAL_ACCENT_COLOR_NAME = AccentColor;
				CODE_SIGN_STYLE = Automatic;
				CURRENT_PROJECT_VERSION = 1;
				GENERATE_INFOPLIST_FILE = YES;
				INFOPLIST_FILE = APODExplorer/Info.plist;
				INFOPLIST_KEY_UIApplicationSupportsIndirectInputEvents = YES;
				INFOPLIST_KEY_UILaunchStoryboardName = LaunchScreen;
				INFOPLIST_KEY_UIMainStoryboardFile = Main;
				INFOPLIST_KEY_UISupportedInterfaceOrientations_iPad = "UIInterfaceOrientationPortrait UIInterfaceOrientationPortraitUpsideDown UIInterfaceOrientationLandscapeLeft UIInterfaceOrientationLandscapeRight";
				INFOPLIST_KEY_UISupportedInterfaceOrientations_iPhone = "UIInterfaceOrientationPortrait UIInterfaceOrientationLandscapeLeft UIInterfaceOrientationLandscapeRight";
				LD_RUNPATH_SEARCH_PATHS = (
					"$(inherited)",
					"@executable_path/Frameworks",
				);
				MARKETING_VERSION = 1.0;
				PRODUCT_BUNDLE_IDENTIFIER = com.APODExplorer;
				PRODUCT_NAME = "$(TARGET_NAME)";
				SWIFT_EMIT_LOC_STRINGS = YES;
				SWIFT_VERSION = 5.0;
				TARGETED_DEVICE_FAMILY = "1,2";
			};
			name = Debug;
		};
		84B66A562C6666D100F7588B /* Release */ = {
			isa = XCBuildConfiguration;
			buildSettings = {
				ASSETCATALOG_COMPILER_APPICON_NAME = AppIcon;
				ASSETCATALOG_COMPILER_GLOBAL_ACCENT_COLOR_NAME = AccentColor;
				CODE_SIGN_STYLE = Automatic;
				CURRENT_PROJECT_VERSION = 1;
				GENERATE_INFOPLIST_FILE = YES;
				INFOPLIST_FILE = APODExplorer/Info.plist;
				INFOPLIST_KEY_UIApplicationSupportsIndirectInputEvents = YES;
				INFOPLIST_KEY_UILaunchStoryboardName = LaunchScreen;
				INFOPLIST_KEY_UIMainStoryboardFile = Main;
				INFOPLIST_KEY_UISupportedInterfaceOrientations_iPad = "UIInterfaceOrientationPortrait UIInterfaceOrientationPortraitUpsideDown UIInterfaceOrientationLandscapeLeft UIInterfaceOrientationLandscapeRight";
				INFOPLIST_KEY_UISupportedInterfaceOrientations_iPhone = "UIInterfaceOrientationPortrait UIInterfaceOrientationLandscapeLeft UIInterfaceOrientationLandscapeRight";
				LD_RUNPATH_SEARCH_PATHS = (
					"$(inherited)",
					"@executable_path/Frameworks",
				);
				MARKETING_VERSION = 1.0;
				PRODUCT_BUNDLE_IDENTIFIER = com.APODExplorer;
				PRODUCT_NAME = "$(TARGET_NAME)";
				SWIFT_EMIT_LOC_STRINGS = YES;
				SWIFT_VERSION = 5.0;
				TARGETED_DEVICE_FAMILY = "1,2";
			};
			name = Release;
		};
		84B66A582C6666D100F7588B /* Debug */ = {
			isa = XCBuildConfiguration;
			buildSettings = {
				ALWAYS_EMBED_SWIFT_STANDARD_LIBRARIES = YES;
				BUNDLE_LOADER = "$(TEST_HOST)";
				CODE_SIGN_STYLE = Automatic;
				CURRENT_PROJECT_VERSION = 1;
				GENERATE_INFOPLIST_FILE = YES;
				IPHONEOS_DEPLOYMENT_TARGET = 17.2;
				MARKETING_VERSION = 1.0;
				PRODUCT_BUNDLE_IDENTIFIER = com.APODExplorerTests;
				PRODUCT_NAME = "$(TARGET_NAME)";
				SWIFT_EMIT_LOC_STRINGS = NO;
				SWIFT_VERSION = 5.0;
				TARGETED_DEVICE_FAMILY = "1,2";
				TEST_HOST = "$(BUILT_PRODUCTS_DIR)/APODExplorer.app/$(BUNDLE_EXECUTABLE_FOLDER_PATH)/APODExplorer";
			};
			name = Debug;
		};
		84B66A592C6666D100F7588B /* Release */ = {
			isa = XCBuildConfiguration;
			buildSettings = {
				ALWAYS_EMBED_SWIFT_STANDARD_LIBRARIES = YES;
				BUNDLE_LOADER = "$(TEST_HOST)";
				CODE_SIGN_STYLE = Automatic;
				CURRENT_PROJECT_VERSION = 1;
				GENERATE_INFOPLIST_FILE = YES;
				IPHONEOS_DEPLOYMENT_TARGET = 17.2;
				MARKETING_VERSION = 1.0;
				PRODUCT_BUNDLE_IDENTIFIER = com.APODExplorerTests;
				PRODUCT_NAME = "$(TARGET_NAME)";
				SWIFT_EMIT_LOC_STRINGS = NO;
				SWIFT_VERSION = 5.0;
				TARGETED_DEVICE_FAMILY = "1,2";
				TEST_HOST = "$(BUILT_PRODUCTS_DIR)/APODExplorer.app/$(BUNDLE_EXECUTABLE_FOLDER_PATH)/APODExplorer";
			};
			name = Release;
		};
		84B66A5B2C6666D100F7588B /* Debug */ = {
			isa = XCBuildConfiguration;
			buildSettings = {
				ALWAYS_EMBED_SWIFT_STANDARD_LIBRARIES = YES;
				CODE_SIGN_STYLE = Automatic;
				CURRENT_PROJECT_VERSION = 1;
				GENERATE_INFOPLIST_FILE = YES;
				MARKETING_VERSION = 1.0;
				PRODUCT_BUNDLE_IDENTIFIER = com.APODExplorerUITests;
				PRODUCT_NAME = "$(TARGET_NAME)";
				SWIFT_EMIT_LOC_STRINGS = NO;
				SWIFT_VERSION = 5.0;
				TARGETED_DEVICE_FAMILY = "1,2";
				TEST_TARGET_NAME = APODExplorer;
			};
			name = Debug;
		};
		84B66A5C2C6666D100F7588B /* Release */ = {
			isa = XCBuildConfiguration;
			buildSettings = {
				ALWAYS_EMBED_SWIFT_STANDARD_LIBRARIES = YES;
				CODE_SIGN_STYLE = Automatic;
				CURRENT_PROJECT_VERSION = 1;
				GENERATE_INFOPLIST_FILE = YES;
				MARKETING_VERSION = 1.0;
				PRODUCT_BUNDLE_IDENTIFIER = com.APODExplorerUITests;
				PRODUCT_NAME = "$(TARGET_NAME)";
				SWIFT_EMIT_LOC_STRINGS = NO;
				SWIFT_VERSION = 5.0;
				TARGETED_DEVICE_FAMILY = "1,2";
				TEST_TARGET_NAME = APODExplorer;
			};
			name = Release;
		};
/* End XCBuildConfiguration section */

/* Begin XCConfigurationList section */
		84B66A252C6666CE00F7588B /* Build configuration list for PBXProject "APODExplorer" */ = {
			isa = XCConfigurationList;
			buildConfigurations = (
				84B66A522C6666D100F7588B /* Debug */,
				84B66A532C6666D100F7588B /* Release */,
			);
			defaultConfigurationIsVisible = 0;
			defaultConfigurationName = Release;
		};
		84B66A542C6666D100F7588B /* Build configuration list for PBXNativeTarget "APODExplorer" */ = {
			isa = XCConfigurationList;
			buildConfigurations = (
				84B66A552C6666D100F7588B /* Debug */,
				84B66A562C6666D100F7588B /* Release */,
			);
			defaultConfigurationIsVisible = 0;
			defaultConfigurationName = Release;
		};
		84B66A572C6666D100F7588B /* Build configuration list for PBXNativeTarget "APODExplorerTests" */ = {
			isa = XCConfigurationList;
			buildConfigurations = (
				84B66A582C6666D100F7588B /* Debug */,
				84B66A592C6666D100F7588B /* Release */,
			);
			defaultConfigurationIsVisible = 0;
			defaultConfigurationName = Release;
		};
		84B66A5A2C6666D100F7588B /* Build configuration list for PBXNativeTarget "APODExplorerUITests" */ = {
			isa = XCConfigurationList;
			buildConfigurations = (
				84B66A5B2C6666D100F7588B /* Debug */,
				84B66A5C2C6666D100F7588B /* Release */,
			);
			defaultConfigurationIsVisible = 0;
			defaultConfigurationName = Release;
		};
/* End XCConfigurationList section */
	};
	rootObject = 84B66A222C6666CE00F7588B /* Project object */;
}
